
Microsoft Visual Studio Solution File, Format Version 12.00
# Visual Studio 2012
Project("{FAE04EC0-301F-11D3-BF4B-00C04F79EFBC}") = "BabylonWpf", "BabylonWpf\BabylonWpf.csproj", "{6D0A0AC9-0CEC-4370-85CA-BF965FF96BD7}"
EndProject
Project("{FAE04EC0-301F-11D3-BF4B-00C04F79EFBC}") = "BabylonNativeCsLibrary", "BabylonNativeCsLibrary\BabylonNativeCsLibrary.csproj", "{BCEAFFE9-1ADD-4332-8753-2B9B28C39EA6}"
EndProject
Project("{FAE04EC0-301F-11D3-BF4B-00C04F79EFBC}") = "BabylonNativeCsLibraryForIl", "BabylonNativeCsLibraryForIl\BabylonNativeCsLibraryForIl.csproj", "{684EE9E7-3BC6-4B8A-A991-9A1027ECFAFE}"
EndProject
Project("{FAE04EC0-301F-11D3-BF4B-00C04F79EFBC}") = "BabylonGlut", "BabylonGlut\BabylonGlut.csproj", "{AA52D28B-C090-4A73-AFF5-78E2B91B0D99}"
EndProject
<<<<<<< HEAD
Global
	GlobalSection(SolutionConfigurationPlatforms) = preSolution
=======
Project("{FAE04EC0-301F-11D3-BF4B-00C04F79EFBC}") = "BabylonAndroid", "BabylonAndroid\BabylonAndroid.csproj", "{E4979E12-5354-4E63-918F-AEC2310D8DA7}"
EndProject
Global
	GlobalSection(SolutionConfigurationPlatforms) = preSolution
		Android - Release|Any CPU = Android - Release|Any CPU
>>>>>>> f265f07661031677698c527dcba26356bdf55cab
		Debug|Any CPU = Debug|Any CPU
		Release|Any CPU = Release|Any CPU
	EndGlobalSection
	GlobalSection(ProjectConfigurationPlatforms) = postSolution
<<<<<<< HEAD
=======
		{6D0A0AC9-0CEC-4370-85CA-BF965FF96BD7}.Android - Release|Any CPU.ActiveCfg = Android - Release|Any CPU
>>>>>>> f265f07661031677698c527dcba26356bdf55cab
		{6D0A0AC9-0CEC-4370-85CA-BF965FF96BD7}.Debug|Any CPU.ActiveCfg = Debug|Any CPU
		{6D0A0AC9-0CEC-4370-85CA-BF965FF96BD7}.Debug|Any CPU.Build.0 = Debug|Any CPU
		{6D0A0AC9-0CEC-4370-85CA-BF965FF96BD7}.Release|Any CPU.ActiveCfg = Release|Any CPU
		{6D0A0AC9-0CEC-4370-85CA-BF965FF96BD7}.Release|Any CPU.Build.0 = Release|Any CPU
<<<<<<< HEAD
=======
		{BCEAFFE9-1ADD-4332-8753-2B9B28C39EA6}.Android - Release|Any CPU.ActiveCfg = Android - Release|Any CPU
>>>>>>> f265f07661031677698c527dcba26356bdf55cab
		{BCEAFFE9-1ADD-4332-8753-2B9B28C39EA6}.Debug|Any CPU.ActiveCfg = Debug|Any CPU
		{BCEAFFE9-1ADD-4332-8753-2B9B28C39EA6}.Debug|Any CPU.Build.0 = Debug|Any CPU
		{BCEAFFE9-1ADD-4332-8753-2B9B28C39EA6}.Release|Any CPU.ActiveCfg = Release|Any CPU
		{BCEAFFE9-1ADD-4332-8753-2B9B28C39EA6}.Release|Any CPU.Build.0 = Release|Any CPU
<<<<<<< HEAD
=======
		{684EE9E7-3BC6-4B8A-A991-9A1027ECFAFE}.Android - Release|Any CPU.ActiveCfg = Android - Release|Any CPU
		{684EE9E7-3BC6-4B8A-A991-9A1027ECFAFE}.Android - Release|Any CPU.Build.0 = Android - Release|Any CPU
>>>>>>> f265f07661031677698c527dcba26356bdf55cab
		{684EE9E7-3BC6-4B8A-A991-9A1027ECFAFE}.Debug|Any CPU.ActiveCfg = Debug|Any CPU
		{684EE9E7-3BC6-4B8A-A991-9A1027ECFAFE}.Debug|Any CPU.Build.0 = Debug|Any CPU
		{684EE9E7-3BC6-4B8A-A991-9A1027ECFAFE}.Release|Any CPU.ActiveCfg = Release|Any CPU
		{684EE9E7-3BC6-4B8A-A991-9A1027ECFAFE}.Release|Any CPU.Build.0 = Release|Any CPU
<<<<<<< HEAD
=======
		{AA52D28B-C090-4A73-AFF5-78E2B91B0D99}.Android - Release|Any CPU.ActiveCfg = Android - Release|Any CPU
>>>>>>> f265f07661031677698c527dcba26356bdf55cab
		{AA52D28B-C090-4A73-AFF5-78E2B91B0D99}.Debug|Any CPU.ActiveCfg = Debug|Any CPU
		{AA52D28B-C090-4A73-AFF5-78E2B91B0D99}.Debug|Any CPU.Build.0 = Debug|Any CPU
		{AA52D28B-C090-4A73-AFF5-78E2B91B0D99}.Release|Any CPU.ActiveCfg = Release|Any CPU
		{AA52D28B-C090-4A73-AFF5-78E2B91B0D99}.Release|Any CPU.Build.0 = Release|Any CPU
<<<<<<< HEAD
=======
		{E4979E12-5354-4E63-918F-AEC2310D8DA7}.Android - Release|Any CPU.ActiveCfg = Android - Release|Any CPU
		{E4979E12-5354-4E63-918F-AEC2310D8DA7}.Android - Release|Any CPU.Build.0 = Android - Release|Any CPU
		{E4979E12-5354-4E63-918F-AEC2310D8DA7}.Debug|Any CPU.ActiveCfg = Debug|Any CPU
		{E4979E12-5354-4E63-918F-AEC2310D8DA7}.Release|Any CPU.ActiveCfg = Release|Any CPU
>>>>>>> f265f07661031677698c527dcba26356bdf55cab
	EndGlobalSection
	GlobalSection(SolutionProperties) = preSolution
		HideSolutionNode = FALSE
	EndGlobalSection
EndGlobal
